
Microsoft Visual Studio Solution File, Format Version 12.00
# Visual Studio Version 16
VisualStudioVersion = 16.0.30204.135
MinimumVisualStudioVersion = 10.0.40219.1
Project("{FAE04EC0-301F-11D3-BF4B-00C04F79EFBC}") = "Tintar6", "Tintar6\Tintar6.csproj", "{7AE2B95E-A384-41FF-A7BB-F8F8D69EDCC3}"
EndProject
Global
	GlobalSection(SolutionConfigurationPlatforms) = preSolution
		Debug|Any CPU = Debug|Any CPU
		Release|Any CPU = Release|Any CPU
	EndGlobalSection
	GlobalSection(ProjectConfigurationPlatforms) = postSolution
		{7AE2B95E-A384-41FF-A7BB-F8F8D69EDCC3}.Debug|Any CPU.ActiveCfg = Debug|Any CPU
		{7AE2B95E-A384-41FF-A7BB-F8F8D69EDCC3}.Debug|Any CPU.Build.0 = Debug|Any CPU
		{7AE2B95E-A384-41FF-A7BB-F8F8D69EDCC3}.Release|Any CPU.ActiveCfg = Release|Any CPU
		{7AE2B95E-A384-41FF-A7BB-F8F8D69EDCC3}.Release|Any CPU.Build.0 = Release|Any CPU
	EndGlobalSection
	GlobalSection(SolutionProperties) = preSolution
		HideSolutionNode = FALSE
	EndGlobalSection
	GlobalSection(ExtensibilityGlobals) = postSolution
		SolutionGuid = {7C3C1F62-0F95-420E-A03E-1658A48EE036}
	EndGlobalSection
EndGlobal
